github.com/fingerprintjs/fingerprint-pro-server-api-go-sdk/v7 v7.10.0 h1:1BzzOkZn1Fja/1IHDIGQ9yRNGsqSTFsSmEAtrwnnkbQ=
github.com/fingerprintjs/fingerprint-pro-server-api-go-sdk/v7 v7.10.0/go.mod h1:MY0RfGfaWe6G4tyU8jEy/X+wbi0LIP0TSwDd4qudN9M=
github.com/fingerprintjs/go-sdk/v8 v8.1.0 h1:4rjCO6RtMZ7YIX7zIGgp/cAfltzwGNY50LrY/d8R2Oo=
github.com/fingerprintjs/go-sdk/v8 v8.1.0/go.mod h1:keVuTTvDofQYjzm6t+YXPZ9twIIk4UzpXOoXhJhjySc=
