github.com/fingerprintjs/fingerprint-pro-server-api-go-sdk/v7 v7.1.0 h1:XSRexFUFx88kNCZ6CGfBmcuVA5sBPc6aW/uWGkOPq4s=
github.com/fingerprintjs/fingerprint-pro-server-api-go-sdk/v7 v7.1.0/go.mod h1:MY0RfGfaWe6G4tyU8jEy/X+wbi0LIP0TSwDd4qudN9M=
github.com/fingerprintjs/fingerprint-pro-server-api-go-sdk/v7 v7.1.1 h1:1jUH0Ue9L2+iXpuhdxqNWWHtbTSH/LVZWuERcbXLoWo=
github.com/fingerprintjs/fingerprint-pro-server-api-go-sdk/v7 v7.1.1/go.mod h1:MY0RfGfaWe6G4tyU8jEy/X+wbi0LIP0TSwDd4qudN9M=
github.com/fingerprintjs/fingerprint-pro-server-api-go-sdk/v7 v7.1.2-test.0 h1:O1AbVZGFBmhBAUElpvDcObWOBzDkPDmaVkx0QmPC7uw=
github.com/fingerprintjs/fingerprint-pro-server-api-go-sdk/v7 v7.1.2-test.0/go.mod h1:MY0RfGfaWe6G4tyU8jEy/X+wbi0LIP0TSwDd4qudN9M=
